
Microsoft Visual Studio Solution File, Format Version 12.00
# Visual Studio Version 16
VisualStudioVersion = 16.0.31729.503
MinimumVisualStudioVersion = 10.0.40219.1
Project("{FAE04EC0-301F-11D3-BF4B-00C04F79EFBC}") = "WidemanDrawName", "WidemanDrawName\WidemanDrawName.csproj", "{389DF960-BE32-4FE6-BB87-74CD49A4474B}"
EndProject
Global
	GlobalSection(SolutionConfigurationPlatforms) = preSolution
		Debug|Any CPU = Debug|Any CPU
		Release|Any CPU = Release|Any CPU
	EndGlobalSection
	GlobalSection(ProjectConfigurationPlatforms) = postSolution
		{389DF960-BE32-4FE6-BB87-74CD49A4474B}.Debug|Any CPU.ActiveCfg = Debug|Any CPU
		{389DF960-BE32-4FE6-BB87-74CD49A4474B}.Debug|Any CPU.Build.0 = Debug|Any CPU
		{389DF960-BE32-4FE6-BB87-74CD49A4474B}.Release|Any CPU.ActiveCfg = Release|Any CPU
		{389DF960-BE32-4FE6-BB87-74CD49A4474B}.Release|Any CPU.Build.0 = Release|Any CPU
	EndGlobalSection
	GlobalSection(SolutionProperties) = preSolution
		HideSolutionNode = FALSE
	EndGlobalSection
	GlobalSection(ExtensibilityGlobals) = postSolution
		SolutionGuid = {953C4330-926A-434E-88AE-54DF836B6040}
	EndGlobalSection
EndGlobal
